
Microsoft Visual Studio Solution File, Format Version 12.00
# Visual Studio Version 16
VisualStudioVersion = 16.0.30804.86
MinimumVisualStudioVersion = 10.0.40219.1
Project("{9A19103F-16F7-4668-BE54-9A1E7A4F7556}") = "RocketPOS.Helpers", "RocketPOS.Helpers\RocketPOS.Helpers.csproj", "{731F0653-0CC8-4338-9692-A67B3DE03D4E}"
EndProject
Project("{9A19103F-16F7-4668-BE54-9A1E7A4F7556}") = "RocketPOS.Model", "RocketPOS.Model\RocketPOS.Model.csproj", "{C10C1A0A-412B-454A-90E0-93B4376EC9C3}"
EndProject
Project("{9A19103F-16F7-4668-BE54-9A1E7A4F7556}") = "RocketPOS.StartUp", "RocketPOS.StartUp\RocketPOS.StartUp.csproj", "{9EEE2C53-F55F-4D59-A953-A7A8247AA794}"
EndProject
Project("{9A19103F-16F7-4668-BE54-9A1E7A4F7556}") = "RocketPOS.ViewModels", "RocketPOS.ViewModels\RocketPOS.ViewModels.csproj", "{1F8CF63B-131C-4E0C-A833-6EFEE1114A29}"
EndProject
Project("{9A19103F-16F7-4668-BE54-9A1E7A4F7556}") = "RocketPOS.Views", "RocketPOS.Views\RocketPOS.Views.csproj", "{48D4977B-C5D7-4226-B799-A11E0D9399AD}"
EndProject
Global
	GlobalSection(SolutionConfigurationPlatforms) = preSolution
		Debug|Any CPU = Debug|Any CPU
		Release|Any CPU = Release|Any CPU
	EndGlobalSection
	GlobalSection(ProjectConfigurationPlatforms) = postSolution
		{731F0653-0CC8-4338-9692-A67B3DE03D4E}.Debug|Any CPU.ActiveCfg = Debug|Any CPU
		{731F0653-0CC8-4338-9692-A67B3DE03D4E}.Debug|Any CPU.Build.0 = Debug|Any CPU
		{731F0653-0CC8-4338-9692-A67B3DE03D4E}.Release|Any CPU.ActiveCfg = Release|Any CPU
		{731F0653-0CC8-4338-9692-A67B3DE03D4E}.Release|Any CPU.Build.0 = Release|Any CPU
		{C10C1A0A-412B-454A-90E0-93B4376EC9C3}.Debug|Any CPU.ActiveCfg = Debug|Any CPU
		{C10C1A0A-412B-454A-90E0-93B4376EC9C3}.Debug|Any CPU.Build.0 = Debug|Any CPU
		{C10C1A0A-412B-454A-90E0-93B4376EC9C3}.Release|Any CPU.ActiveCfg = Release|Any CPU
		{C10C1A0A-412B-454A-90E0-93B4376EC9C3}.Release|Any CPU.Build.0 = Release|Any CPU
		{9EEE2C53-F55F-4D59-A953-A7A8247AA794}.Debug|Any CPU.ActiveCfg = Debug|Any CPU
		{9EEE2C53-F55F-4D59-A953-A7A8247AA794}.Debug|Any CPU.Build.0 = Debug|Any CPU
		{9EEE2C53-F55F-4D59-A953-A7A8247AA794}.Release|Any CPU.ActiveCfg = Release|Any CPU
		{9EEE2C53-F55F-4D59-A953-A7A8247AA794}.Release|Any CPU.Build.0 = Release|Any CPU
		{1F8CF63B-131C-4E0C-A833-6EFEE1114A29}.Debug|Any CPU.ActiveCfg = Debug|Any CPU
		{1F8CF63B-131C-4E0C-A833-6EFEE1114A29}.Debug|Any CPU.Build.0 = Debug|Any CPU
		{1F8CF63B-131C-4E0C-A833-6EFEE1114A29}.Release|Any CPU.ActiveCfg = Release|Any CPU
		{1F8CF63B-131C-4E0C-A833-6EFEE1114A29}.Release|Any CPU.Build.0 = Release|Any CPU
		{48D4977B-C5D7-4226-B799-A11E0D9399AD}.Debug|Any CPU.ActiveCfg = Debug|Any CPU
		{48D4977B-C5D7-4226-B799-A11E0D9399AD}.Debug|Any CPU.Build.0 = Debug|Any CPU
		{48D4977B-C5D7-4226-B799-A11E0D9399AD}.Release|Any CPU.ActiveCfg = Release|Any CPU
		{48D4977B-C5D7-4226-B799-A11E0D9399AD}.Release|Any CPU.Build.0 = Release|Any CPU
	EndGlobalSection
	GlobalSection(SolutionProperties) = preSolution
		HideSolutionNode = FALSE
	EndGlobalSection
	GlobalSection(ExtensibilityGlobals) = postSolution
		SolutionGuid = {B611C5B9-4B67-4AA6-92CB-DC69F63D4DDE}
	EndGlobalSection
EndGlobal
